// !$*UTF8*$!
{
	archiveVersion = 1;
	classes = {
	};
	objectVersion = 50;
	objects = {

/* Begin PBXBuildFile section */
		14A3D520270384E70051DC3E /* AppDelegate.swift in Sources */ = {isa = PBXBuildFile; fileRef = 14A3D51F270384E70051DC3E /* AppDelegate.swift */; };
		14A3D522270384E70051DC3E /* SceneDelegate.swift in Sources */ = {isa = PBXBuildFile; fileRef = 14A3D521270384E70051DC3E /* SceneDelegate.swift */; };
		14A3D524270384E70051DC3E /* ViewController.swift in Sources */ = {isa = PBXBuildFile; fileRef = 14A3D523270384E70051DC3E /* ViewController.swift */; };
		14A3D527270384E70051DC3E /* Main.storyboard in Resources */ = {isa = PBXBuildFile; fileRef = 14A3D525270384E70051DC3E /* Main.storyboard */; };
		14A3D529270384E80051DC3E /* Assets.xcassets in Resources */ = {isa = PBXBuildFile; fileRef = 14A3D528270384E80051DC3E /* Assets.xcassets */; };
		14A3D52C270384E80051DC3E /* LaunchScreen.storyboard in Resources */ = {isa = PBXBuildFile; fileRef = 14A3D52A270384E80051DC3E /* LaunchScreen.storyboard */; };
		14A3D5362703862C0051DC3E /* lamp_off.png in Resources */ = {isa = PBXBuildFile; fileRef = 14A3D5342703862C0051DC3E /* lamp_off.png */; };
		14A3D5372703862C0051DC3E /* lamp_on.png in Resources */ = {isa = PBXBuildFile; fileRef = 14A3D5352703862C0051DC3E /* lamp_on.png */; };
		14A3D53A2703864A0051DC3E /* ImageViewController.swift in Sources */ = {isa = PBXBuildFile; fileRef = 14A3D5392703864A0051DC3E /* ImageViewController.swift */; };
		14A3D53E270387570051DC3E /* DateViewController.swift in Sources */ = {isa = PBXBuildFile; fileRef = 14A3D53D270387570051DC3E /* DateViewController.swift */; };
		14A3D54127038ACC0051DC3E /* File.png in Resources */ = {isa = PBXBuildFile; fileRef = 14A3D54027038ACC0051DC3E /* File.png */; };
/* End PBXBuildFile section */

/* Begin PBXFileReference section */
		14A3D51C270384E70051DC3E /* Tab.app */ = {isa = PBXFileReference; explicitFileType = wrapper.application; includeInIndex = 0; path = Tab.app; sourceTree = BUILT_PRODUCTS_DIR; };
		14A3D51F270384E70051DC3E /* AppDelegate.swift */ = {isa = PBXFileReference; lastKnownFileType = sourcecode.swift; path = AppDelegate.swift; sourceTree = "<group>"; };
		14A3D521270384E70051DC3E /* SceneDelegate.swift */ = {isa = PBXFileReference; lastKnownFileType = sourcecode.swift; path = SceneDelegate.swift; sourceTree = "<group>"; };
		14A3D523270384E70051DC3E /* ViewController.swift */ = {isa = PBXFileReference; lastKnownFileType = sourcecode.swift; path = ViewController.swift; sourceTree = "<group>"; };
		14A3D526270384E70051DC3E /* Base */ = {isa = PBXFileReference; lastKnownFileType = file.storyboard; name = Base; path = Base.lproj/Main.storyboard; sourceTree = "<group>"; };
		14A3D528270384E80051DC3E /* Assets.xcassets */ = {isa = PBXFileReference; lastKnownFileType = folder.assetcatalog; path = Assets.xcassets; sourceTree = "<group>"; };
		14A3D52B270384E80051DC3E /* Base */ = {isa = PBXFileReference; lastKnownFileType = file.storyboard; name = Base; path = Base.lproj/LaunchScreen.storyboard; sourceTree = "<group>"; };
		14A3D52D270384E80051DC3E /* Info.plist */ = {isa = PBXFileReference; lastKnownFileType = text.plist.xml; path = Info.plist; sourceTree = "<group>"; };
		14A3D5342703862C0051DC3E /* lamp_off.png */ = {isa = PBXFileReference; lastKnownFileType = image.png; path = lamp_off.png; sourceTree = "<group>"; };
		14A3D5352703862C0051DC3E /* lamp_on.png */ = {isa = PBXFileReference; lastKnownFileType = image.png; path = lamp_on.png; sourceTree = "<group>"; };
		14A3D5392703864A0051DC3E /* ImageViewController.swift */ = {isa = PBXFileReference; fileEncoding = 4; lastKnownFileType = sourcecode.swift; name = ImageViewController.swift; path = "../../../../../Downloads/3장/본문실습/ImageView/ImageViewController.swift"; sourceTree = "<group>"; };
		14A3D53D270387570051DC3E /* DateViewController.swift */ = {isa = PBXFileReference; fileEncoding = 4; lastKnownFileType = sourcecode.swift; path = DateViewController.swift; sourceTree = "<group>"; };
		14A3D54027038ACC0051DC3E /* File.png */ = {isa = PBXFileReference; lastKnownFileType = image.png; path = File.png; sourceTree = "<group>"; };
/* End PBXFileReference section */

/* Begin PBXFrameworksBuildPhase section */
		14A3D519270384E70051DC3E /* Frameworks */ = {
			isa = PBXFrameworksBuildPhase;
			buildActionMask = 2147483647;
			files = (
			);
			runOnlyForDeploymentPostprocessing = 0;
		};
/* End PBXFrameworksBuildPhase section */

/* Begin PBXGroup section */
		14A3D513270384E70051DC3E = {
			isa = PBXGroup;
			children = (
				14A3D51E270384E70051DC3E /* Tab */,
				14A3D51D270384E70051DC3E /* Products */,
			);
			sourceTree = "<group>";
		};
		14A3D51D270384E70051DC3E /* Products */ = {
			isa = PBXGroup;
			children = (
				14A3D51C270384E70051DC3E /* Tab.app */,
			);
			name = Products;
			sourceTree = "<group>";
		};
		14A3D51E270384E70051DC3E /* Tab */ = {
			isa = PBXGroup;
			children = (
				14A3D5342703862C0051DC3E /* lamp_off.png */,
				14A3D54027038ACC0051DC3E /* File.png */,
				14A3D5352703862C0051DC3E /* lamp_on.png */,
				14A3D53D270387570051DC3E /* DateViewController.swift */,
				14A3D5392703864A0051DC3E /* ImageViewController.swift */,
				14A3D51F270384E70051DC3E /* AppDelegate.swift */,
				14A3D521270384E70051DC3E /* SceneDelegate.swift */,
				14A3D523270384E70051DC3E /* ViewController.swift */,
				14A3D525270384E70051DC3E /* Main.storyboard */,
				14A3D528270384E80051DC3E /* Assets.xcassets */,
				14A3D52A270384E80051DC3E /* LaunchScreen.storyboard */,
				14A3D52D270384E80051DC3E /* Info.plist */,
			);
			path = Tab;
			sourceTree = "<group>";
		};
/* End PBXGroup section */

/* Begin PBXNativeTarget section */
		14A3D51B270384E70051DC3E /* Tab */ = {
			isa = PBXNativeTarget;
			buildConfigurationList = 14A3D530270384E80051DC3E /* Build configuration list for PBXNativeTarget "Tab" */;
			buildPhases = (
				14A3D518270384E70051DC3E /* Sources */,
				14A3D519270384E70051DC3E /* Frameworks */,
				14A3D51A270384E70051DC3E /* Resources */,
			);
			buildRules = (
			);
			dependencies = (
			);
			name = Tab;
			productName = Tab;
			productReference = 14A3D51C270384E70051DC3E /* Tab.app */;
			productType = "com.apple.product-type.application";
		};
/* End PBXNativeTarget section */

/* Begin PBXProject section */
		14A3D514270384E70051DC3E /* Project object */ = {
			isa = PBXProject;
			attributes = {
				LastSwiftUpdateCheck = 1210;
				LastUpgradeCheck = 1210;
				TargetAttributes = {
					14A3D51B270384E70051DC3E = {
						CreatedOnToolsVersion = 12.1;
					};
				};
			};
			buildConfigurationList = 14A3D517270384E70051DC3E /* Build configuration list for PBXProject "Tab" */;
			compatibilityVersion = "Xcode 9.3";
			developmentRegion = en;
			hasScannedForEncodings = 0;
			knownRegions = (
				en,
				Base,
			);
			mainGroup = 14A3D513270384E70051DC3E;
			productRefGroup = 14A3D51D270384E70051DC3E /* Products */;
			projectDirPath = "";
			projectRoot = "";
			targets = (
				14A3D51B270384E70051DC3E /* Tab */,
			);
		};
/* End PBXProject section */

/* Begin PBXResourcesBuildPhase section */
		14A3D51A270384E70051DC3E /* Resources */ = {
			isa = PBXResourcesBuildPhase;
			buildActionMask = 2147483647;
			files = (
				14A3D52C270384E80051DC3E /* LaunchScreen.storyboard in Resources */,
				14A3D529270384E80051DC3E /* Assets.xcassets in Resources */,
				14A3D5372703862C0051DC3E /* lamp_on.png in Resources */,
				14A3D54127038ACC0051DC3E /* File.png in Resources */,
				14A3D527270384E70051DC3E /* Main.storyboard in Resources */,
				14A3D5362703862C0051DC3E /* lamp_off.png in Resources */,
			);
			runOnlyForDeploymentPostprocessing = 0;
		};
/* End PBXResourcesBuildPhase section */

/* Begin PBXSourcesBuildPhase section */
		14A3D518270384E70051DC3E /* Sources */ = {
			isa = PBXSourcesBuildPhase;
			buildActionMask = 2147483647;
			files = (
				14A3D53E270387570051DC3E /* DateViewController.swift in Sources */,
				14A3D524270384E70051DC3E /* ViewController.swift in Sources */,
				14A3D520270384E70051DC3E /* AppDelegate.swift in Sources */,
				14A3D53A2703864A0051DC3E /* ImageViewController.swift in Sources */,
				14A3D522270384E70051DC3E /* SceneDelegate.swift in Sources */,
			);
			runOnlyForDeploymentPostprocessing = 0;
		};
/* End PBXSourcesBuildPhase section */

/* Begin PBXVariantGroup section */
		14A3D525270384E70051DC3E /* Main.storyboard */ = {
			isa = PBXVariantGroup;
			children = (
				14A3D526270384E70051DC3E /* Base */,
			);
			name = Main.storyboard;
			sourceTree = "<group>";
		};
		14A3D52A270384E80051DC3E /* LaunchScreen.storyboard */ = {
			isa = PBXVariantGroup;
			children = (
				14A3D52B270384E80051DC3E /* Base */,
			);
			name = LaunchScreen.storyboard;
			sourceTree = "<group>";
		};
/* End PBXVariantGroup section */

/* Begin XCBuildConfiguration section */
		14A3D52E270384E80051DC3E /* Debug */ = {
			isa = XCBuildConfiguration;
			buildSettings = {
				ALWAYS_SEARCH_USER_PATHS = NO;
				CLANG_ANALYZER_NONNULL = YES;
				CLANG_ANALYZER_NUMBER_OBJECT_CONVERSION = YES_AGGRESSIVE;
				CLANG_CXX_LANGUAGE_STANDARD = "gnu++14";
				CLANG_CXX_LIBRARY = "libc++";
				CLANG_ENABLE_MODULES = YES;
				CLANG_ENABLE_OBJC_ARC = YES;
				CLANG_ENABLE_OBJC_WEAK = YES;
				CLANG_WARN_BLOCK_CAPTURE_AUTORELEASING = YES;
				CLANG_WARN_BOOL_CONVERSION = YES;
				CLANG_WARN_COMMA = YES;
				CLANG_WARN_CONSTANT_CONVERSION = YES;
				CLANG_WARN_DEPRECATED_OBJC_IMPLEMENTATIONS = YES;
				CLANG_WARN_DIRECT_OBJC_ISA_USAGE = YES_ERROR;
				CLANG_WARN_DOCUMENTATION_COMMENTS = YES;
				CLANG_WARN_EMPTY_BODY = YES;
				CLANG_WARN_ENUM_CONVERSION = YES;
				CLANG_WARN_INFINITE_RECURSION = YES;
				CLANG_WARN_INT_CONVERSION = YES;
				CLANG_WARN_NON_LITERAL_NULL_CONVERSION = YES;
				CLANG_WARN_OBJC_IMPLICIT_RETAIN_SELF = YES;
				CLANG_WARN_OBJC_LITERAL_CONVERSION = YES;
				CLANG_WARN_OBJC_ROOT_CLASS = YES_ERROR;
				CLANG_WARN_QUOTED_INCLUDE_IN_FRAMEWORK_HEADER = YES;
				CLANG_WARN_RANGE_LOOP_ANALYSIS = YES;
				CLANG_WARN_STRICT_PROTOTYPES = YES;
				CLANG_WARN_SUSPICIOUS_MOVE = YES;
				CLANG_WARN_UNGUARDED_AVAILABILITY = YES_AGGRESSIVE;
				CLANG_WARN_UNREACHABLE_CODE = YES;
				CLANG_WARN__DUPLICATE_METHOD_MATCH = YES;
				COPY_PHASE_STRIP = NO;
				DEBUG_INFORMATION_FORMAT = dwarf;
				ENABLE_STRICT_OBJC_MSGSEND = YES;
				ENABLE_TESTABILITY = YES;
				GCC_C_LANGUAGE_STANDARD = gnu11;
				GCC_DYNAMIC_NO_PIC = NO;
				GCC_NO_COMMON_BLOCKS = YES;
				GCC_OPTIMIZATION_LEVEL = 0;
				GCC_PREPROCESSOR_DEFINITIONS = (
					"DEBUG=1",
					"$(inherited)",
				);
				GCC_WARN_64_TO_32_BIT_CONVERSION = YES;
				GCC_WARN_ABOUT_RETURN_TYPE = YES_ERROR;
				GCC_WARN_UNDECLARED_SELECTOR = YES;
				GCC_WARN_UNINITIALIZED_AUTOS = YES_AGGRESSIVE;
				GCC_WARN_UNUSED_FUNCTION = YES;
				GCC_WARN_UNUSED_VARIABLE = YES;
				IPHONEOS_DEPLOYMENT_TARGET = 14.1;
				MTL_ENABLE_DEBUG_INFO = INCLUDE_SOURCE;
				MTL_FAST_MATH = YES;
				ONLY_ACTIVE_ARCH = YES;
				SDKROOT = iphoneos;
				SWIFT_ACTIVE_COMPILATION_CONDITIONS = DEBUG;
				SWIFT_OPTIMIZATION_LEVEL = "-Onone";
			};
			name = Debug;
		};
		14A3D52F270384E80051DC3E /* Release */ = {
			isa = XCBuildConfiguration;
			buildSettings = {
				ALWAYS_SEARCH_USER_PATHS = NO;
				CLANG_ANALYZER_NONNULL = YES;
				CLANG_ANALYZER_NUMBER_OBJECT_CONVERSION = YES_AGGRESSIVE;
				CLANG_CXX_LANGUAGE_STANDARD = "gnu++14";
				CLANG_CXX_LIBRARY = "libc++";
				CLANG_ENABLE_MODULES = YES;
				CLANG_ENABLE_OBJC_ARC = YES;
				CLANG_ENABLE_OBJC_WEAK = YES;
				CLANG_WARN_BLOCK_CAPTURE_AUTORELEASING = YES;
				CLANG_WARN_BOOL_CONVERSION = YES;
				CLANG_WARN_COMMA = YES;
				CLANG_WARN_CONSTANT_CONVERSION = YES;
				CLANG_WARN_DEPRECATED_OBJC_IMPLEMENTATIONS = YES;
				CLANG_WARN_DIRECT_OBJC_ISA_USAGE = YES_ERROR;
				CLANG_WARN_DOCUMENTATION_COMMENTS = YES;
				CLANG_WARN_EMPTY_BODY = YES;
				CLANG_WARN_ENUM_CONVERSION = YES;
				CLANG_WARN_INFINITE_RECURSION = YES;
				CLANG_WARN_INT_CONVERSION = YES;
				CLANG_WARN_NON_LITERAL_NULL_CONVERSION = YES;
				CLANG_WARN_OBJC_IMPLICIT_RETAIN_SELF = YES;
				CLANG_WARN_OBJC_LITERAL_CONVERSION = YES;
				CLANG_WARN_OBJC_ROOT_CLASS = YES_ERROR;
				CLANG_WARN_QUOTED_INCLUDE_IN_FRAMEWORK_HEADER = YES;
				CLANG_WARN_RANGE_LOOP_ANALYSIS = YES;
				CLANG_WARN_STRICT_PROTOTYPES = YES;
				CLANG_WARN_SUSPICIOUS_MOVE = YES;
				CLANG_WARN_UNGUARDED_AVAILABILITY = YES_AGGRESSIVE;
				CLANG_WARN_UNREACHABLE_CODE = YES;
				CLANG_WARN__DUPLICATE_METHOD_MATCH = YES;
				COPY_PHASE_STRIP = NO;
				DEBUG_INFORMATION_FORMAT = "dwarf-with-dsym";
				ENABLE_NS_ASSERTIONS = NO;
				ENABLE_STRICT_OBJC_MSGSEND = YES;
				GCC_C_LANGUAGE_STANDARD = gnu11;
				GCC_NO_COMMON_BLOCKS = YES;
				GCC_WARN_64_TO_32_BIT_CONVERSION = YES;
				GCC_WARN_ABOUT_RETURN_TYPE = YES_ERROR;
				GCC_WARN_UNDECLARED_SELECTOR = YES;
				GCC_WARN_UNINITIALIZED_AUTOS = YES_AGGRESSIVE;
				GCC_WARN_UNUSED_FUNCTION = YES;
				GCC_WARN_UNUSED_VARIABLE = YES;
				IPHONEOS_DEPLOYMENT_TARGET = 14.1;
				MTL_ENABLE_DEBUG_INFO = NO;
				MTL_FAST_MATH = YES;
				SDKROOT = iphoneos;
				SWIFT_COMPILATION_MODE = wholemodule;
				SWIFT_OPTIMIZATION_LEVEL = "-O";
				VALIDATE_PRODUCT = YES;
			};
			name = Release;
		};
		14A3D531270384E80051DC3E /* Debug */ = {
			isa = XCBuildConfiguration;
			buildSettings = {
				ASSETCATALOG_COMPILER_APPICON_NAME = AppIcon;
				ASSETCATALOG_COMPILER_GLOBAL_ACCENT_COLOR_NAME = AccentColor;
				CODE_SIGN_STYLE = Automatic;
				DEVELOPMENT_TEAM = Y6LPYDD6RM;
				INFOPLIST_FILE = Tab/Info.plist;
				LD_RUNPATH_SEARCH_PATHS = (
					"$(inherited)",
					"@executable_path/Frameworks",
				);
				PRODUCT_BUNDLE_IDENTIFIER = net.macnpc.Tab;
				PRODUCT_NAME = "$(TARGET_NAME)";
				SWIFT_VERSION = 5.0;
				TARGETED_DEVICE_FAMILY = "1,2";
			};
			name = Debug;
		};
		14A3D532270384E80051DC3E /* Release */ = {
			isa = XCBuildConfiguration;
			buildSettings = {
				ASSETCATALOG_COMPILER_APPICON_NAME = AppIcon;
				ASSETCATALOG_COMPILER_GLOBAL_ACCENT_COLOR_NAME = AccentColor;
				CODE_SIGN_STYLE = Automatic;
				DEVELOPMENT_TEAM = Y6LPYDD6RM;
				INFOPLIST_FILE = Tab/Info.plist;
				LD_RUNPATH_SEARCH_PATHS = (
					"$(inherited)",
					"@executable_path/Frameworks",
				);
				PRODUCT_BUNDLE_IDENTIFIER = net.macnpc.Tab;
				PRODUCT_NAME = "$(TARGET_NAME)";
				SWIFT_VERSION = 5.0;
				TARGETED_DEVICE_FAMILY = "1,2";
			};
			name = Release;
		};
/* End XCBuildConfiguration section */

/* Begin XCConfigurationList section */
		14A3D517270384E70051DC3E /* Build configuration list for PBXProject "Tab" */ = {
			isa = XCConfigurationList;
			buildConfigurations = (
				14A3D52E270384E80051DC3E /* Debug */,
				14A3D52F270384E80051DC3E /* Release */,
			);
			defaultConfigurationIsVisible = 0;
			defaultConfigurationName = Release;
		};
		14A3D530270384E80051DC3E /* Build configuration list for PBXNativeTarget "Tab" */ = {
			isa = XCConfigurationList;
			buildConfigurations = (
				14A3D531270384E80051DC3E /* Debug */,
				14A3D532270384E80051DC3E /* Release */,
			);
			defaultConfigurationIsVisible = 0;
			defaultConfigurationName = Release;
		};
/* End XCConfigurationList section */
	};
	rootObject = 14A3D514270384E70051DC3E /* Project object */;
}
