// !$*UTF8*$!
{
	archiveVersion = 1;
	classes = {
	};
	objectVersion = 50;
	objects = {

/* Begin PBXBuildFile section */
		148F4CD12702FBD500519786 /* AppDelegate.swift in Sources */ = {isa = PBXBuildFile; fileRef = 148F4CD02702FBD500519786 /* AppDelegate.swift */; };
		148F4CD32702FBD500519786 /* SceneDelegate.swift in Sources */ = {isa = PBXBuildFile; fileRef = 148F4CD22702FBD500519786 /* SceneDelegate.swift */; };
		148F4CD52702FBD500519786 /* ViewController.swift in Sources */ = {isa = PBXBuildFile; fileRef = 148F4CD42702FBD500519786 /* ViewController.swift */; };
		148F4CD82702FBD500519786 /* Main.storyboard in Resources */ = {isa = PBXBuildFile; fileRef = 148F4CD62702FBD500519786 /* Main.storyboard */; };
		148F4CDA2702FBD600519786 /* Assets.xcassets in Resources */ = {isa = PBXBuildFile; fileRef = 148F4CD92702FBD600519786 /* Assets.xcassets */; };
		148F4CDD2702FBD600519786 /* LaunchScreen.storyboard in Resources */ = {isa = PBXBuildFile; fileRef = 148F4CDB2702FBD600519786 /* LaunchScreen.storyboard */; };
		14EE7EC42702FC380065649E /* 4.jpg in Resources */ = {isa = PBXBuildFile; fileRef = 14EE7EBA2702FC330065649E /* 4.jpg */; };
		14EE7EC52702FC380065649E /* 6.jpg in Resources */ = {isa = PBXBuildFile; fileRef = 14EE7EBB2702FC330065649E /* 6.jpg */; };
		14EE7EC62702FC380065649E /* 5.jpg in Resources */ = {isa = PBXBuildFile; fileRef = 14EE7EBC2702FC340065649E /* 5.jpg */; };
		14EE7EC72702FC380065649E /* 3.jpg in Resources */ = {isa = PBXBuildFile; fileRef = 14EE7EBD2702FC340065649E /* 3.jpg */; };
		14EE7EC82702FC380065649E /* 8.jpg in Resources */ = {isa = PBXBuildFile; fileRef = 14EE7EBE2702FC350065649E /* 8.jpg */; };
		14EE7EC92702FC380065649E /* 9.jpg in Resources */ = {isa = PBXBuildFile; fileRef = 14EE7EBF2702FC360065649E /* 9.jpg */; };
		14EE7ECA2702FC380065649E /* 10.jpg in Resources */ = {isa = PBXBuildFile; fileRef = 14EE7EC02702FC360065649E /* 10.jpg */; };
		14EE7ECB2702FC380065649E /* 1.jpg in Resources */ = {isa = PBXBuildFile; fileRef = 14EE7EC12702FC370065649E /* 1.jpg */; };
		14EE7ECC2702FC380065649E /* 2.jpg in Resources */ = {isa = PBXBuildFile; fileRef = 14EE7EC22702FC370065649E /* 2.jpg */; };
		14EE7ECD2702FC380065649E /* 7.jpg in Resources */ = {isa = PBXBuildFile; fileRef = 14EE7EC32702FC380065649E /* 7.jpg */; };
/* End PBXBuildFile section */

/* Begin PBXFileReference section */
		148F4CCD2702FBD500519786 /* PickerView.app */ = {isa = PBXFileReference; explicitFileType = wrapper.application; includeInIndex = 0; path = PickerView.app; sourceTree = BUILT_PRODUCTS_DIR; };
		148F4CD02702FBD500519786 /* AppDelegate.swift */ = {isa = PBXFileReference; lastKnownFileType = sourcecode.swift; path = AppDelegate.swift; sourceTree = "<group>"; };
		148F4CD22702FBD500519786 /* SceneDelegate.swift */ = {isa = PBXFileReference; lastKnownFileType = sourcecode.swift; path = SceneDelegate.swift; sourceTree = "<group>"; };
		148F4CD42702FBD500519786 /* ViewController.swift */ = {isa = PBXFileReference; lastKnownFileType = sourcecode.swift; path = ViewController.swift; sourceTree = "<group>"; };
		148F4CD72702FBD500519786 /* Base */ = {isa = PBXFileReference; lastKnownFileType = file.storyboard; name = Base; path = Base.lproj/Main.storyboard; sourceTree = "<group>"; };
		148F4CD92702FBD600519786 /* Assets.xcassets */ = {isa = PBXFileReference; lastKnownFileType = folder.assetcatalog; path = Assets.xcassets; sourceTree = "<group>"; };
		148F4CDC2702FBD600519786 /* Base */ = {isa = PBXFileReference; lastKnownFileType = file.storyboard; name = Base; path = Base.lproj/LaunchScreen.storyboard; sourceTree = "<group>"; };
		148F4CDE2702FBD600519786 /* Info.plist */ = {isa = PBXFileReference; lastKnownFileType = text.plist.xml; path = Info.plist; sourceTree = "<group>"; };
		14EE7EBA2702FC330065649E /* 4.jpg */ = {isa = PBXFileReference; lastKnownFileType = image.jpeg; path = 4.jpg; sourceTree = "<group>"; };
		14EE7EBB2702FC330065649E /* 6.jpg */ = {isa = PBXFileReference; lastKnownFileType = image.jpeg; path = 6.jpg; sourceTree = "<group>"; };
		14EE7EBC2702FC340065649E /* 5.jpg */ = {isa = PBXFileReference; lastKnownFileType = image.jpeg; path = 5.jpg; sourceTree = "<group>"; };
		14EE7EBD2702FC340065649E /* 3.jpg */ = {isa = PBXFileReference; lastKnownFileType = image.jpeg; path = 3.jpg; sourceTree = "<group>"; };
		14EE7EBE2702FC350065649E /* 8.jpg */ = {isa = PBXFileReference; lastKnownFileType = image.jpeg; path = 8.jpg; sourceTree = "<group>"; };
		14EE7EBF2702FC360065649E /* 9.jpg */ = {isa = PBXFileReference; lastKnownFileType = image.jpeg; path = 9.jpg; sourceTree = "<group>"; };
		14EE7EC02702FC360065649E /* 10.jpg */ = {isa = PBXFileReference; lastKnownFileType = image.jpeg; path = 10.jpg; sourceTree = "<group>"; };
		14EE7EC12702FC370065649E /* 1.jpg */ = {isa = PBXFileReference; lastKnownFileType = image.jpeg; path = 1.jpg; sourceTree = "<group>"; };
		14EE7EC22702FC370065649E /* 2.jpg */ = {isa = PBXFileReference; lastKnownFileType = image.jpeg; path = 2.jpg; sourceTree = "<group>"; };
		14EE7EC32702FC380065649E /* 7.jpg */ = {isa = PBXFileReference; lastKnownFileType = image.jpeg; path = 7.jpg; sourceTree = "<group>"; };
/* End PBXFileReference section */

/* Begin PBXFrameworksBuildPhase section */
		148F4CCA2702FBD500519786 /* Frameworks */ = {
			isa = PBXFrameworksBuildPhase;
			buildActionMask = 2147483647;
			files = (
			);
			runOnlyForDeploymentPostprocessing = 0;
		};
/* End PBXFrameworksBuildPhase section */

/* Begin PBXGroup section */
		148F4CC42702FBD500519786 = {
			isa = PBXGroup;
			children = (
				148F4CCF2702FBD500519786 /* PickerView */,
				148F4CCE2702FBD500519786 /* Products */,
			);
			sourceTree = "<group>";
		};
		148F4CCE2702FBD500519786 /* Products */ = {
			isa = PBXGroup;
			children = (
				148F4CCD2702FBD500519786 /* PickerView.app */,
			);
			name = Products;
			sourceTree = "<group>";
		};
		148F4CCF2702FBD500519786 /* PickerView */ = {
			isa = PBXGroup;
			children = (
				14EE7ECF2702FC430065649E /* images */,
				148F4CD02702FBD500519786 /* AppDelegate.swift */,
				148F4CD22702FBD500519786 /* SceneDelegate.swift */,
				148F4CD42702FBD500519786 /* ViewController.swift */,
				148F4CD62702FBD500519786 /* Main.storyboard */,
				148F4CD92702FBD600519786 /* Assets.xcassets */,
				148F4CDB2702FBD600519786 /* LaunchScreen.storyboard */,
				148F4CDE2702FBD600519786 /* Info.plist */,
			);
			path = PickerView;
			sourceTree = "<group>";
		};
		14EE7ECF2702FC430065649E /* images */ = {
			isa = PBXGroup;
			children = (
				14EE7EC12702FC370065649E /* 1.jpg */,
				14EE7EC22702FC370065649E /* 2.jpg */,
				14EE7EBD2702FC340065649E /* 3.jpg */,
				14EE7EBA2702FC330065649E /* 4.jpg */,
				14EE7EBC2702FC340065649E /* 5.jpg */,
				14EE7EBB2702FC330065649E /* 6.jpg */,
				14EE7EC32702FC380065649E /* 7.jpg */,
				14EE7EBE2702FC350065649E /* 8.jpg */,
				14EE7EBF2702FC360065649E /* 9.jpg */,
				14EE7EC02702FC360065649E /* 10.jpg */,
			);
			path = images;
			sourceTree = "<group>";
		};
/* End PBXGroup section */

/* Begin PBXNativeTarget section */
		148F4CCC2702FBD500519786 /* PickerView */ = {
			isa = PBXNativeTarget;
			buildConfigurationList = 148F4CE12702FBD600519786 /* Build configuration list for PBXNativeTarget "PickerView" */;
			buildPhases = (
				148F4CC92702FBD500519786 /* Sources */,
				148F4CCA2702FBD500519786 /* Frameworks */,
				148F4CCB2702FBD500519786 /* Resources */,
			);
			buildRules = (
			);
			dependencies = (
			);
			name = PickerView;
			productName = PickerView;
			productReference = 148F4CCD2702FBD500519786 /* PickerView.app */;
			productType = "com.apple.product-type.application";
		};
/* End PBXNativeTarget section */

/* Begin PBXProject section */
		148F4CC52702FBD500519786 /* Project object */ = {
			isa = PBXProject;
			attributes = {
				LastSwiftUpdateCheck = 1210;
				LastUpgradeCheck = 1210;
				TargetAttributes = {
					148F4CCC2702FBD500519786 = {
						CreatedOnToolsVersion = 12.1;
					};
				};
			};
			buildConfigurationList = 148F4CC82702FBD500519786 /* Build configuration list for PBXProject "PickerView" */;
			compatibilityVersion = "Xcode 9.3";
			developmentRegion = en;
			hasScannedForEncodings = 0;
			knownRegions = (
				en,
				Base,
			);
			mainGroup = 148F4CC42702FBD500519786;
			productRefGroup = 148F4CCE2702FBD500519786 /* Products */;
			projectDirPath = "";
			projectRoot = "";
			targets = (
				148F4CCC2702FBD500519786 /* PickerView */,
			);
		};
/* End PBXProject section */

/* Begin PBXResourcesBuildPhase section */
		148F4CCB2702FBD500519786 /* Resources */ = {
			isa = PBXResourcesBuildPhase;
			buildActionMask = 2147483647;
			files = (
				14EE7ECB2702FC380065649E /* 1.jpg in Resources */,
				14EE7ECA2702FC380065649E /* 10.jpg in Resources */,
				14EE7EC92702FC380065649E /* 9.jpg in Resources */,
				14EE7EC42702FC380065649E /* 4.jpg in Resources */,
				148F4CDD2702FBD600519786 /* LaunchScreen.storyboard in Resources */,
				148F4CDA2702FBD600519786 /* Assets.xcassets in Resources */,
				14EE7ECC2702FC380065649E /* 2.jpg in Resources */,
				14EE7EC62702FC380065649E /* 5.jpg in Resources */,
				14EE7EC82702FC380065649E /* 8.jpg in Resources */,
				148F4CD82702FBD500519786 /* Main.storyboard in Resources */,
				14EE7ECD2702FC380065649E /* 7.jpg in Resources */,
				14EE7EC72702FC380065649E /* 3.jpg in Resources */,
				14EE7EC52702FC380065649E /* 6.jpg in Resources */,
			);
			runOnlyForDeploymentPostprocessing = 0;
		};
/* End PBXResourcesBuildPhase section */

/* Begin PBXSourcesBuildPhase section */
		148F4CC92702FBD500519786 /* Sources */ = {
			isa = PBXSourcesBuildPhase;
			buildActionMask = 2147483647;
			files = (
				148F4CD52702FBD500519786 /* ViewController.swift in Sources */,
				148F4CD12702FBD500519786 /* AppDelegate.swift in Sources */,
				148F4CD32702FBD500519786 /* SceneDelegate.swift in Sources */,
			);
			runOnlyForDeploymentPostprocessing = 0;
		};
/* End PBXSourcesBuildPhase section */

/* Begin PBXVariantGroup section */
		148F4CD62702FBD500519786 /* Main.storyboard */ = {
			isa = PBXVariantGroup;
			children = (
				148F4CD72702FBD500519786 /* Base */,
			);
			name = Main.storyboard;
			sourceTree = "<group>";
		};
		148F4CDB2702FBD600519786 /* LaunchScreen.storyboard */ = {
			isa = PBXVariantGroup;
			children = (
				148F4CDC2702FBD600519786 /* Base */,
			);
			name = LaunchScreen.storyboard;
			sourceTree = "<group>";
		};
/* End PBXVariantGroup section */

/* Begin XCBuildConfiguration section */
		148F4CDF2702FBD600519786 /* Debug */ = {
			isa = XCBuildConfiguration;
			buildSettings = {
				ALWAYS_SEARCH_USER_PATHS = NO;
				CLANG_ANALYZER_NONNULL = YES;
				CLANG_ANALYZER_NUMBER_OBJECT_CONVERSION = YES_AGGRESSIVE;
				CLANG_CXX_LANGUAGE_STANDARD = "gnu++14";
				CLANG_CXX_LIBRARY = "libc++";
				CLANG_ENABLE_MODULES = YES;
				CLANG_ENABLE_OBJC_ARC = YES;
				CLANG_ENABLE_OBJC_WEAK = YES;
				CLANG_WARN_BLOCK_CAPTURE_AUTORELEASING = YES;
				CLANG_WARN_BOOL_CONVERSION = YES;
				CLANG_WARN_COMMA = YES;
				CLANG_WARN_CONSTANT_CONVERSION = YES;
				CLANG_WARN_DEPRECATED_OBJC_IMPLEMENTATIONS = YES;
				CLANG_WARN_DIRECT_OBJC_ISA_USAGE = YES_ERROR;
				CLANG_WARN_DOCUMENTATION_COMMENTS = YES;
				CLANG_WARN_EMPTY_BODY = YES;
				CLANG_WARN_ENUM_CONVERSION = YES;
				CLANG_WARN_INFINITE_RECURSION = YES;
				CLANG_WARN_INT_CONVERSION = YES;
				CLANG_WARN_NON_LITERAL_NULL_CONVERSION = YES;
				CLANG_WARN_OBJC_IMPLICIT_RETAIN_SELF = YES;
				CLANG_WARN_OBJC_LITERAL_CONVERSION = YES;
				CLANG_WARN_OBJC_ROOT_CLASS = YES_ERROR;
				CLANG_WARN_QUOTED_INCLUDE_IN_FRAMEWORK_HEADER = YES;
				CLANG_WARN_RANGE_LOOP_ANALYSIS = YES;
				CLANG_WARN_STRICT_PROTOTYPES = YES;
				CLANG_WARN_SUSPICIOUS_MOVE = YES;
				CLANG_WARN_UNGUARDED_AVAILABILITY = YES_AGGRESSIVE;
				CLANG_WARN_UNREACHABLE_CODE = YES;
				CLANG_WARN__DUPLICATE_METHOD_MATCH = YES;
				COPY_PHASE_STRIP = NO;
				DEBUG_INFORMATION_FORMAT = dwarf;
				ENABLE_STRICT_OBJC_MSGSEND = YES;
				ENABLE_TESTABILITY = YES;
				GCC_C_LANGUAGE_STANDARD = gnu11;
				GCC_DYNAMIC_NO_PIC = NO;
				GCC_NO_COMMON_BLOCKS = YES;
				GCC_OPTIMIZATION_LEVEL = 0;
				GCC_PREPROCESSOR_DEFINITIONS = (
					"DEBUG=1",
					"$(inherited)",
				);
				GCC_WARN_64_TO_32_BIT_CONVERSION = YES;
				GCC_WARN_ABOUT_RETURN_TYPE = YES_ERROR;
				GCC_WARN_UNDECLARED_SELECTOR = YES;
				GCC_WARN_UNINITIALIZED_AUTOS = YES_AGGRESSIVE;
				GCC_WARN_UNUSED_FUNCTION = YES;
				GCC_WARN_UNUSED_VARIABLE = YES;
				IPHONEOS_DEPLOYMENT_TARGET = 14.1;
				MTL_ENABLE_DEBUG_INFO = INCLUDE_SOURCE;
				MTL_FAST_MATH = YES;
				ONLY_ACTIVE_ARCH = YES;
				SDKROOT = iphoneos;
				SWIFT_ACTIVE_COMPILATION_CONDITIONS = DEBUG;
				SWIFT_OPTIMIZATION_LEVEL = "-Onone";
			};
			name = Debug;
		};
		148F4CE02702FBD600519786 /* Release */ = {
			isa = XCBuildConfiguration;
			buildSettings = {
				ALWAYS_SEARCH_USER_PATHS = NO;
				CLANG_ANALYZER_NONNULL = YES;
				CLANG_ANALYZER_NUMBER_OBJECT_CONVERSION = YES_AGGRESSIVE;
				CLANG_CXX_LANGUAGE_STANDARD = "gnu++14";
				CLANG_CXX_LIBRARY = "libc++";
				CLANG_ENABLE_MODULES = YES;
				CLANG_ENABLE_OBJC_ARC = YES;
				CLANG_ENABLE_OBJC_WEAK = YES;
				CLANG_WARN_BLOCK_CAPTURE_AUTORELEASING = YES;
				CLANG_WARN_BOOL_CONVERSION = YES;
				CLANG_WARN_COMMA = YES;
				CLANG_WARN_CONSTANT_CONVERSION = YES;
				CLANG_WARN_DEPRECATED_OBJC_IMPLEMENTATIONS = YES;
				CLANG_WARN_DIRECT_OBJC_ISA_USAGE = YES_ERROR;
				CLANG_WARN_DOCUMENTATION_COMMENTS = YES;
				CLANG_WARN_EMPTY_BODY = YES;
				CLANG_WARN_ENUM_CONVERSION = YES;
				CLANG_WARN_INFINITE_RECURSION = YES;
				CLANG_WARN_INT_CONVERSION = YES;
				CLANG_WARN_NON_LITERAL_NULL_CONVERSION = YES;
				CLANG_WARN_OBJC_IMPLICIT_RETAIN_SELF = YES;
				CLANG_WARN_OBJC_LITERAL_CONVERSION = YES;
				CLANG_WARN_OBJC_ROOT_CLASS = YES_ERROR;
				CLANG_WARN_QUOTED_INCLUDE_IN_FRAMEWORK_HEADER = YES;
				CLANG_WARN_RANGE_LOOP_ANALYSIS = YES;
				CLANG_WARN_STRICT_PROTOTYPES = YES;
				CLANG_WARN_SUSPICIOUS_MOVE = YES;
				CLANG_WARN_UNGUARDED_AVAILABILITY = YES_AGGRESSIVE;
				CLANG_WARN_UNREACHABLE_CODE = YES;
				CLANG_WARN__DUPLICATE_METHOD_MATCH = YES;
				COPY_PHASE_STRIP = NO;
				DEBUG_INFORMATION_FORMAT = "dwarf-with-dsym";
				ENABLE_NS_ASSERTIONS = NO;
				ENABLE_STRICT_OBJC_MSGSEND = YES;
				GCC_C_LANGUAGE_STANDARD = gnu11;
				GCC_NO_COMMON_BLOCKS = YES;
				GCC_WARN_64_TO_32_BIT_CONVERSION = YES;
				GCC_WARN_ABOUT_RETURN_TYPE = YES_ERROR;
				GCC_WARN_UNDECLARED_SELECTOR = YES;
				GCC_WARN_UNINITIALIZED_AUTOS = YES_AGGRESSIVE;
				GCC_WARN_UNUSED_FUNCTION = YES;
				GCC_WARN_UNUSED_VARIABLE = YES;
				IPHONEOS_DEPLOYMENT_TARGET = 14.1;
				MTL_ENABLE_DEBUG_INFO = NO;
				MTL_FAST_MATH = YES;
				SDKROOT = iphoneos;
				SWIFT_COMPILATION_MODE = wholemodule;
				SWIFT_OPTIMIZATION_LEVEL = "-O";
				VALIDATE_PRODUCT = YES;
			};
			name = Release;
		};
		148F4CE22702FBD600519786 /* Debug */ = {
			isa = XCBuildConfiguration;
			buildSettings = {
				ASSETCATALOG_COMPILER_APPICON_NAME = AppIcon;
				ASSETCATALOG_COMPILER_GLOBAL_ACCENT_COLOR_NAME = AccentColor;
				CODE_SIGN_STYLE = Automatic;
				INFOPLIST_FILE = PickerView/Info.plist;
				LD_RUNPATH_SEARCH_PATHS = (
					"$(inherited)",
					"@executable_path/Frameworks",
				);
				PRODUCT_BUNDLE_IDENTIFIER = net.macnpc.PickerView;
				PRODUCT_NAME = "$(TARGET_NAME)";
				SWIFT_VERSION = 5.0;
				TARGETED_DEVICE_FAMILY = "1,2";
			};
			name = Debug;
		};
		148F4CE32702FBD600519786 /* Release */ = {
			isa = XCBuildConfiguration;
			buildSettings = {
				ASSETCATALOG_COMPILER_APPICON_NAME = AppIcon;
				ASSETCATALOG_COMPILER_GLOBAL_ACCENT_COLOR_NAME = AccentColor;
				CODE_SIGN_STYLE = Automatic;
				INFOPLIST_FILE = PickerView/Info.plist;
				LD_RUNPATH_SEARCH_PATHS = (
					"$(inherited)",
					"@executable_path/Frameworks",
				);
				PRODUCT_BUNDLE_IDENTIFIER = net.macnpc.PickerView;
				PRODUCT_NAME = "$(TARGET_NAME)";
				SWIFT_VERSION = 5.0;
				TARGETED_DEVICE_FAMILY = "1,2";
			};
			name = Release;
		};
/* End XCBuildConfiguration section */

/* Begin XCConfigurationList section */
		148F4CC82702FBD500519786 /* Build configuration list for PBXProject "PickerView" */ = {
			isa = XCConfigurationList;
			buildConfigurations = (
				148F4CDF2702FBD600519786 /* Debug */,
				148F4CE02702FBD600519786 /* Release */,
			);
			defaultConfigurationIsVisible = 0;
			defaultConfigurationName = Release;
		};
		148F4CE12702FBD600519786 /* Build configuration list for PBXNativeTarget "PickerView" */ = {
			isa = XCConfigurationList;
			buildConfigurations = (
				148F4CE22702FBD600519786 /* Debug */,
				148F4CE32702FBD600519786 /* Release */,
			);
			defaultConfigurationIsVisible = 0;
			defaultConfigurationName = Release;
		};
/* End XCConfigurationList section */
	};
	rootObject = 148F4CC52702FBD500519786 /* Project object */;
}
