// !$*UTF8*$!
{
	archiveVersion = 1;
	classes = {
	};
	objectVersion = 55;
	objects = {

/* Begin PBXBuildFile section */
		33494196270AC15800CA2211 /* AppDelegate.swift in Sources */ = {isa = PBXBuildFile; fileRef = 33494195270AC15800CA2211 /* AppDelegate.swift */; };
		33494198270AC15800CA2211 /* SceneDelegate.swift in Sources */ = {isa = PBXBuildFile; fileRef = 33494197270AC15800CA2211 /* SceneDelegate.swift */; };
		3349419A270AC15800CA2211 /* ViewController.swift in Sources */ = {isa = PBXBuildFile; fileRef = 33494199270AC15800CA2211 /* ViewController.swift */; };
		3349419D270AC15800CA2211 /* Main.storyboard in Resources */ = {isa = PBXBuildFile; fileRef = 3349419B270AC15800CA2211 /* Main.storyboard */; };
		3349419F270AC15A00CA2211 /* Assets.xcassets in Resources */ = {isa = PBXBuildFile; fileRef = 3349419E270AC15A00CA2211 /* Assets.xcassets */; };
		334941A2270AC15A00CA2211 /* LaunchScreen.storyboard in Resources */ = {isa = PBXBuildFile; fileRef = 334941A0270AC15A00CA2211 /* LaunchScreen.storyboard */; };
		334941AD270AC15A00CA2211 /* LottoGeneratorTests.swift in Sources */ = {isa = PBXBuildFile; fileRef = 334941AC270AC15A00CA2211 /* LottoGeneratorTests.swift */; };
		334941B7270AC15B00CA2211 /* LottoGeneratorUITests.swift in Sources */ = {isa = PBXBuildFile; fileRef = 334941B6270AC15B00CA2211 /* LottoGeneratorUITests.swift */; };
		334941B9270AC15B00CA2211 /* LottoGeneratorUITestsLaunchTests.swift in Sources */ = {isa = PBXBuildFile; fileRef = 334941B8270AC15B00CA2211 /* LottoGeneratorUITestsLaunchTests.swift */; };
/* End PBXBuildFile section */

/* Begin PBXContainerItemProxy section */
		334941A9270AC15A00CA2211 /* PBXContainerItemProxy */ = {
			isa = PBXContainerItemProxy;
			containerPortal = 3349418A270AC15800CA2211 /* Project object */;
			proxyType = 1;
			remoteGlobalIDString = 33494191270AC15800CA2211;
			remoteInfo = LottoGenerator;
		};
		334941B3270AC15B00CA2211 /* PBXContainerItemProxy */ = {
			isa = PBXContainerItemProxy;
			containerPortal = 3349418A270AC15800CA2211 /* Project object */;
			proxyType = 1;
			remoteGlobalIDString = 33494191270AC15800CA2211;
			remoteInfo = LottoGenerator;
		};
/* End PBXContainerItemProxy section */

/* Begin PBXFileReference section */
		33494192270AC15800CA2211 /* LottoGenerator.app */ = {isa = PBXFileReference; explicitFileType = wrapper.application; includeInIndex = 0; path = LottoGenerator.app; sourceTree = BUILT_PRODUCTS_DIR; };
		33494195270AC15800CA2211 /* AppDelegate.swift */ = {isa = PBXFileReference; lastKnownFileType = sourcecode.swift; path = AppDelegate.swift; sourceTree = "<group>"; };
		33494197270AC15800CA2211 /* SceneDelegate.swift */ = {isa = PBXFileReference; lastKnownFileType = sourcecode.swift; path = SceneDelegate.swift; sourceTree = "<group>"; };
		33494199270AC15800CA2211 /* ViewController.swift */ = {isa = PBXFileReference; lastKnownFileType = sourcecode.swift; path = ViewController.swift; sourceTree = "<group>"; };
		3349419C270AC15800CA2211 /* Base */ = {isa = PBXFileReference; lastKnownFileType = file.storyboard; name = Base; path = Base.lproj/Main.storyboard; sourceTree = "<group>"; };
		3349419E270AC15A00CA2211 /* Assets.xcassets */ = {isa = PBXFileReference; lastKnownFileType = folder.assetcatalog; path = Assets.xcassets; sourceTree = "<group>"; };
		334941A1270AC15A00CA2211 /* Base */ = {isa = PBXFileReference; lastKnownFileType = file.storyboard; name = Base; path = Base.lproj/LaunchScreen.storyboard; sourceTree = "<group>"; };
		334941A3270AC15A00CA2211 /* Info.plist */ = {isa = PBXFileReference; lastKnownFileType = text.plist.xml; path = Info.plist; sourceTree = "<group>"; };
		334941A8270AC15A00CA2211 /* LottoGeneratorTests.xctest */ = {isa = PBXFileReference; explicitFileType = wrapper.cfbundle; includeInIndex = 0; path = LottoGeneratorTests.xctest; sourceTree = BUILT_PRODUCTS_DIR; };
		334941AC270AC15A00CA2211 /* LottoGeneratorTests.swift */ = {isa = PBXFileReference; lastKnownFileType = sourcecode.swift; path = LottoGeneratorTests.swift; sourceTree = "<group>"; };
		334941B2270AC15B00CA2211 /* LottoGeneratorUITests.xctest */ = {isa = PBXFileReference; explicitFileType = wrapper.cfbundle; includeInIndex = 0; path = LottoGeneratorUITests.xctest; sourceTree = BUILT_PRODUCTS_DIR; };
		334941B6270AC15B00CA2211 /* LottoGeneratorUITests.swift */ = {isa = PBXFileReference; lastKnownFileType = sourcecode.swift; path = LottoGeneratorUITests.swift; sourceTree = "<group>"; };
		334941B8270AC15B00CA2211 /* LottoGeneratorUITestsLaunchTests.swift */ = {isa = PBXFileReference; lastKnownFileType = sourcecode.swift; path = LottoGeneratorUITestsLaunchTests.swift; sourceTree = "<group>"; };
/* End PBXFileReference section */

/* Begin PBXFrameworksBuildPhase section */
		3349418F270AC15800CA2211 /* Frameworks */ = {
			isa = PBXFrameworksBuildPhase;
			buildActionMask = 2147483647;
			files = (
			);
			runOnlyForDeploymentPostprocessing = 0;
		};
		334941A5270AC15A00CA2211 /* Frameworks */ = {
			isa = PBXFrameworksBuildPhase;
			buildActionMask = 2147483647;
			files = (
			);
			runOnlyForDeploymentPostprocessing = 0;
		};
		334941AF270AC15B00CA2211 /* Frameworks */ = {
			isa = PBXFrameworksBuildPhase;
			buildActionMask = 2147483647;
			files = (
			);
			runOnlyForDeploymentPostprocessing = 0;
		};
/* End PBXFrameworksBuildPhase section */

/* Begin PBXGroup section */
		33494189270AC15800CA2211 = {
			isa = PBXGroup;
			children = (
				33494194270AC15800CA2211 /* LottoGenerator */,
				334941AB270AC15A00CA2211 /* LottoGeneratorTests */,
				334941B5270AC15B00CA2211 /* LottoGeneratorUITests */,
				33494193270AC15800CA2211 /* Products */,
			);
			sourceTree = "<group>";
		};
		33494193270AC15800CA2211 /* Products */ = {
			isa = PBXGroup;
			children = (
				33494192270AC15800CA2211 /* LottoGenerator.app */,
				334941A8270AC15A00CA2211 /* LottoGeneratorTests.xctest */,
				334941B2270AC15B00CA2211 /* LottoGeneratorUITests.xctest */,
			);
			name = Products;
			sourceTree = "<group>";
		};
		33494194270AC15800CA2211 /* LottoGenerator */ = {
			isa = PBXGroup;
			children = (
				33494195270AC15800CA2211 /* AppDelegate.swift */,
				33494197270AC15800CA2211 /* SceneDelegate.swift */,
				33494199270AC15800CA2211 /* ViewController.swift */,
				3349419B270AC15800CA2211 /* Main.storyboard */,
				3349419E270AC15A00CA2211 /* Assets.xcassets */,
				334941A0270AC15A00CA2211 /* LaunchScreen.storyboard */,
				334941A3270AC15A00CA2211 /* Info.plist */,
			);
			path = LottoGenerator;
			sourceTree = "<group>";
		};
		334941AB270AC15A00CA2211 /* LottoGeneratorTests */ = {
			isa = PBXGroup;
			children = (
				334941AC270AC15A00CA2211 /* LottoGeneratorTests.swift */,
			);
			path = LottoGeneratorTests;
			sourceTree = "<group>";
		};
		334941B5270AC15B00CA2211 /* LottoGeneratorUITests */ = {
			isa = PBXGroup;
			children = (
				334941B6270AC15B00CA2211 /* LottoGeneratorUITests.swift */,
				334941B8270AC15B00CA2211 /* LottoGeneratorUITestsLaunchTests.swift */,
			);
			path = LottoGeneratorUITests;
			sourceTree = "<group>";
		};
/* End PBXGroup section */

/* Begin PBXNativeTarget section */
		33494191270AC15800CA2211 /* LottoGenerator */ = {
			isa = PBXNativeTarget;
			buildConfigurationList = 334941BC270AC15B00CA2211 /* Build configuration list for PBXNativeTarget "LottoGenerator" */;
			buildPhases = (
				3349418E270AC15800CA2211 /* Sources */,
				3349418F270AC15800CA2211 /* Frameworks */,
				33494190270AC15800CA2211 /* Resources */,
			);
			buildRules = (
			);
			dependencies = (
			);
			name = LottoGenerator;
			productName = LottoGenerator;
			productReference = 33494192270AC15800CA2211 /* LottoGenerator.app */;
			productType = "com.apple.product-type.application";
		};
		334941A7270AC15A00CA2211 /* LottoGeneratorTests */ = {
			isa = PBXNativeTarget;
			buildConfigurationList = 334941BF270AC15B00CA2211 /* Build configuration list for PBXNativeTarget "LottoGeneratorTests" */;
			buildPhases = (
				334941A4270AC15A00CA2211 /* Sources */,
				334941A5270AC15A00CA2211 /* Frameworks */,
				334941A6270AC15A00CA2211 /* Resources */,
			);
			buildRules = (
			);
			dependencies = (
				334941AA270AC15A00CA2211 /* PBXTargetDependency */,
			);
			name = LottoGeneratorTests;
			productName = LottoGeneratorTests;
			productReference = 334941A8270AC15A00CA2211 /* LottoGeneratorTests.xctest */;
			productType = "com.apple.product-type.bundle.unit-test";
		};
		334941B1270AC15B00CA2211 /* LottoGeneratorUITests */ = {
			isa = PBXNativeTarget;
			buildConfigurationList = 334941C2270AC15B00CA2211 /* Build configuration list for PBXNativeTarget "LottoGeneratorUITests" */;
			buildPhases = (
				334941AE270AC15B00CA2211 /* Sources */,
				334941AF270AC15B00CA2211 /* Frameworks */,
				334941B0270AC15B00CA2211 /* Resources */,
			);
			buildRules = (
			);
			dependencies = (
				334941B4270AC15B00CA2211 /* PBXTargetDependency */,
			);
			name = LottoGeneratorUITests;
			productName = LottoGeneratorUITests;
			productReference = 334941B2270AC15B00CA2211 /* LottoGeneratorUITests.xctest */;
			productType = "com.apple.product-type.bundle.ui-testing";
		};
/* End PBXNativeTarget section */

/* Begin PBXProject section */
		3349418A270AC15800CA2211 /* Project object */ = {
			isa = PBXProject;
			attributes = {
				BuildIndependentTargetsInParallel = 1;
				LastSwiftUpdateCheck = 1300;
				LastUpgradeCheck = 1300;
				TargetAttributes = {
					33494191270AC15800CA2211 = {
						CreatedOnToolsVersion = 13.0;
					};
					334941A7270AC15A00CA2211 = {
						CreatedOnToolsVersion = 13.0;
						TestTargetID = 33494191270AC15800CA2211;
					};
					334941B1270AC15B00CA2211 = {
						CreatedOnToolsVersion = 13.0;
						TestTargetID = 33494191270AC15800CA2211;
					};
				};
			};
			buildConfigurationList = 3349418D270AC15800CA2211 /* Build configuration list for PBXProject "LottoGenerator" */;
			compatibilityVersion = "Xcode 13.0";
			developmentRegion = en;
			hasScannedForEncodings = 0;
			knownRegions = (
				en,
				Base,
			);
			mainGroup = 33494189270AC15800CA2211;
			productRefGroup = 33494193270AC15800CA2211 /* Products */;
			projectDirPath = "";
			projectRoot = "";
			targets = (
				33494191270AC15800CA2211 /* LottoGenerator */,
				334941A7270AC15A00CA2211 /* LottoGeneratorTests */,
				334941B1270AC15B00CA2211 /* LottoGeneratorUITests */,
			);
		};
/* End PBXProject section */

/* Begin PBXResourcesBuildPhase section */
		33494190270AC15800CA2211 /* Resources */ = {
			isa = PBXResourcesBuildPhase;
			buildActionMask = 2147483647;
			files = (
				334941A2270AC15A00CA2211 /* LaunchScreen.storyboard in Resources */,
				3349419F270AC15A00CA2211 /* Assets.xcassets in Resources */,
				3349419D270AC15800CA2211 /* Main.storyboard in Resources */,
			);
			runOnlyForDeploymentPostprocessing = 0;
		};
		334941A6270AC15A00CA2211 /* Resources */ = {
			isa = PBXResourcesBuildPhase;
			buildActionMask = 2147483647;
			files = (
			);
			runOnlyForDeploymentPostprocessing = 0;
		};
		334941B0270AC15B00CA2211 /* Resources */ = {
			isa = PBXResourcesBuildPhase;
			buildActionMask = 2147483647;
			files = (
			);
			runOnlyForDeploymentPostprocessing = 0;
		};
/* End PBXResourcesBuildPhase section */

/* Begin PBXSourcesBuildPhase section */
		3349418E270AC15800CA2211 /* Sources */ = {
			isa = PBXSourcesBuildPhase;
			buildActionMask = 2147483647;
			files = (
				3349419A270AC15800CA2211 /* ViewController.swift in Sources */,
				33494196270AC15800CA2211 /* AppDelegate.swift in Sources */,
				33494198270AC15800CA2211 /* SceneDelegate.swift in Sources */,
			);
			runOnlyForDeploymentPostprocessing = 0;
		};
		334941A4270AC15A00CA2211 /* Sources */ = {
			isa = PBXSourcesBuildPhase;
			buildActionMask = 2147483647;
			files = (
				334941AD270AC15A00CA2211 /* LottoGeneratorTests.swift in Sources */,
			);
			runOnlyForDeploymentPostprocessing = 0;
		};
		334941AE270AC15B00CA2211 /* Sources */ = {
			isa = PBXSourcesBuildPhase;
			buildActionMask = 2147483647;
			files = (
				334941B7270AC15B00CA2211 /* LottoGeneratorUITests.swift in Sources */,
				334941B9270AC15B00CA2211 /* LottoGeneratorUITestsLaunchTests.swift in Sources */,
			);
			runOnlyForDeploymentPostprocessing = 0;
		};
/* End PBXSourcesBuildPhase section */

/* Begin PBXTargetDependency section */
		334941AA270AC15A00CA2211 /* PBXTargetDependency */ = {
			isa = PBXTargetDependency;
			target = 33494191270AC15800CA2211 /* LottoGenerator */;
			targetProxy = 334941A9270AC15A00CA2211 /* PBXContainerItemProxy */;
		};
		334941B4270AC15B00CA2211 /* PBXTargetDependency */ = {
			isa = PBXTargetDependency;
			target = 33494191270AC15800CA2211 /* LottoGenerator */;
			targetProxy = 334941B3270AC15B00CA2211 /* PBXContainerItemProxy */;
		};
/* End PBXTargetDependency section */

/* Begin PBXVariantGroup section */
		3349419B270AC15800CA2211 /* Main.storyboard */ = {
			isa = PBXVariantGroup;
			children = (
				3349419C270AC15800CA2211 /* Base */,
			);
			name = Main.storyboard;
			sourceTree = "<group>";
		};
		334941A0270AC15A00CA2211 /* LaunchScreen.storyboard */ = {
			isa = PBXVariantGroup;
			children = (
				334941A1270AC15A00CA2211 /* Base */,
			);
			name = LaunchScreen.storyboard;
			sourceTree = "<group>";
		};
/* End PBXVariantGroup section */

/* Begin XCBuildConfiguration section */
		334941BA270AC15B00CA2211 /* Debug */ = {
			isa = XCBuildConfiguration;
			buildSettings = {
				ALWAYS_SEARCH_USER_PATHS = NO;
				CLANG_ANALYZER_NONNULL = YES;
				CLANG_ANALYZER_NUMBER_OBJECT_CONVERSION = YES_AGGRESSIVE;
				CLANG_CXX_LANGUAGE_STANDARD = "gnu++17";
				CLANG_CXX_LIBRARY = "libc++";
				CLANG_ENABLE_MODULES = YES;
				CLANG_ENABLE_OBJC_ARC = YES;
				CLANG_ENABLE_OBJC_WEAK = YES;
				CLANG_WARN_BLOCK_CAPTURE_AUTORELEASING = YES;
				CLANG_WARN_BOOL_CONVERSION = YES;
				CLANG_WARN_COMMA = YES;
				CLANG_WARN_CONSTANT_CONVERSION = YES;
				CLANG_WARN_DEPRECATED_OBJC_IMPLEMENTATIONS = YES;
				CLANG_WARN_DIRECT_OBJC_ISA_USAGE = YES_ERROR;
				CLANG_WARN_DOCUMENTATION_COMMENTS = YES;
				CLANG_WARN_EMPTY_BODY = YES;
				CLANG_WARN_ENUM_CONVERSION = YES;
				CLANG_WARN_INFINITE_RECURSION = YES;
				CLANG_WARN_INT_CONVERSION = YES;
				CLANG_WARN_NON_LITERAL_NULL_CONVERSION = YES;
				CLANG_WARN_OBJC_IMPLICIT_RETAIN_SELF = YES;
				CLANG_WARN_OBJC_LITERAL_CONVERSION = YES;
				CLANG_WARN_OBJC_ROOT_CLASS = YES_ERROR;
				CLANG_WARN_QUOTED_INCLUDE_IN_FRAMEWORK_HEADER = YES;
				CLANG_WARN_RANGE_LOOP_ANALYSIS = YES;
				CLANG_WARN_STRICT_PROTOTYPES = YES;
				CLANG_WARN_SUSPICIOUS_MOVE = YES;
				CLANG_WARN_UNGUARDED_AVAILABILITY = YES_AGGRESSIVE;
				CLANG_WARN_UNREACHABLE_CODE = YES;
				CLANG_WARN__DUPLICATE_METHOD_MATCH = YES;
				COPY_PHASE_STRIP = NO;
				DEBUG_INFORMATION_FORMAT = dwarf;
				ENABLE_STRICT_OBJC_MSGSEND = YES;
				ENABLE_TESTABILITY = YES;
				GCC_C_LANGUAGE_STANDARD = gnu11;
				GCC_DYNAMIC_NO_PIC = NO;
				GCC_NO_COMMON_BLOCKS = YES;
				GCC_OPTIMIZATION_LEVEL = 0;
				GCC_PREPROCESSOR_DEFINITIONS = (
					"DEBUG=1",
					"$(inherited)",
				);
				GCC_WARN_64_TO_32_BIT_CONVERSION = YES;
				GCC_WARN_ABOUT_RETURN_TYPE = YES_ERROR;
				GCC_WARN_UNDECLARED_SELECTOR = YES;
				GCC_WARN_UNINITIALIZED_AUTOS = YES_AGGRESSIVE;
				GCC_WARN_UNUSED_FUNCTION = YES;
				GCC_WARN_UNUSED_VARIABLE = YES;
				IPHONEOS_DEPLOYMENT_TARGET = 15.0;
				MTL_ENABLE_DEBUG_INFO = INCLUDE_SOURCE;
				MTL_FAST_MATH = YES;
				ONLY_ACTIVE_ARCH = YES;
				SDKROOT = iphoneos;
				SWIFT_ACTIVE_COMPILATION_CONDITIONS = DEBUG;
				SWIFT_OPTIMIZATION_LEVEL = "-Onone";
			};
			name = Debug;
		};
		334941BB270AC15B00CA2211 /* Release */ = {
			isa = XCBuildConfiguration;
			buildSettings = {
				ALWAYS_SEARCH_USER_PATHS = NO;
				CLANG_ANALYZER_NONNULL = YES;
				CLANG_ANALYZER_NUMBER_OBJECT_CONVERSION = YES_AGGRESSIVE;
				CLANG_CXX_LANGUAGE_STANDARD = "gnu++17";
				CLANG_CXX_LIBRARY = "libc++";
				CLANG_ENABLE_MODULES = YES;
				CLANG_ENABLE_OBJC_ARC = YES;
				CLANG_ENABLE_OBJC_WEAK = YES;
				CLANG_WARN_BLOCK_CAPTURE_AUTORELEASING = YES;
				CLANG_WARN_BOOL_CONVERSION = YES;
				CLANG_WARN_COMMA = YES;
				CLANG_WARN_CONSTANT_CONVERSION = YES;
				CLANG_WARN_DEPRECATED_OBJC_IMPLEMENTATIONS = YES;
				CLANG_WARN_DIRECT_OBJC_ISA_USAGE = YES_ERROR;
				CLANG_WARN_DOCUMENTATION_COMMENTS = YES;
				CLANG_WARN_EMPTY_BODY = YES;
				CLANG_WARN_ENUM_CONVERSION = YES;
				CLANG_WARN_INFINITE_RECURSION = YES;
				CLANG_WARN_INT_CONVERSION = YES;
				CLANG_WARN_NON_LITERAL_NULL_CONVERSION = YES;
				CLANG_WARN_OBJC_IMPLICIT_RETAIN_SELF = YES;
				CLANG_WARN_OBJC_LITERAL_CONVERSION = YES;
				CLANG_WARN_OBJC_ROOT_CLASS = YES_ERROR;
				CLANG_WARN_QUOTED_INCLUDE_IN_FRAMEWORK_HEADER = YES;
				CLANG_WARN_RANGE_LOOP_ANALYSIS = YES;
				CLANG_WARN_STRICT_PROTOTYPES = YES;
				CLANG_WARN_SUSPICIOUS_MOVE = YES;
				CLANG_WARN_UNGUARDED_AVAILABILITY = YES_AGGRESSIVE;
				CLANG_WARN_UNREACHABLE_CODE = YES;
				CLANG_WARN__DUPLICATE_METHOD_MATCH = YES;
				COPY_PHASE_STRIP = NO;
				DEBUG_INFORMATION_FORMAT = "dwarf-with-dsym";
				ENABLE_NS_ASSERTIONS = NO;
				ENABLE_STRICT_OBJC_MSGSEND = YES;
				GCC_C_LANGUAGE_STANDARD = gnu11;
				GCC_NO_COMMON_BLOCKS = YES;
				GCC_WARN_64_TO_32_BIT_CONVERSION = YES;
				GCC_WARN_ABOUT_RETURN_TYPE = YES_ERROR;
				GCC_WARN_UNDECLARED_SELECTOR = YES;
				GCC_WARN_UNINITIALIZED_AUTOS = YES_AGGRESSIVE;
				GCC_WARN_UNUSED_FUNCTION = YES;
				GCC_WARN_UNUSED_VARIABLE = YES;
				IPHONEOS_DEPLOYMENT_TARGET = 15.0;
				MTL_ENABLE_DEBUG_INFO = NO;
				MTL_FAST_MATH = YES;
				SDKROOT = iphoneos;
				SWIFT_COMPILATION_MODE = wholemodule;
				SWIFT_OPTIMIZATION_LEVEL = "-O";
				VALIDATE_PRODUCT = YES;
			};
			name = Release;
		};
		334941BD270AC15B00CA2211 /* Debug */ = {
			isa = XCBuildConfiguration;
			buildSettings = {
				ASSETCATALOG_COMPILER_APPICON_NAME = AppIcon;
				ASSETCATALOG_COMPILER_GLOBAL_ACCENT_COLOR_NAME = AccentColor;
				CODE_SIGN_STYLE = Automatic;
				CURRENT_PROJECT_VERSION = 1;
				DEVELOPMENT_TEAM = Y6LPYDD6RM;
				GENERATE_INFOPLIST_FILE = YES;
				INFOPLIST_FILE = LottoGenerator/Info.plist;
				INFOPLIST_KEY_UIApplicationSupportsIndirectInputEvents = YES;
				INFOPLIST_KEY_UILaunchStoryboardName = LaunchScreen;
				INFOPLIST_KEY_UIMainStoryboardFile = Main;
				INFOPLIST_KEY_UISupportedInterfaceOrientations_iPad = "UIInterfaceOrientationPortrait UIInterfaceOrientationPortraitUpsideDown UIInterfaceOrientationLandscapeLeft UIInterfaceOrientationLandscapeRight";
				INFOPLIST_KEY_UISupportedInterfaceOrientations_iPhone = "UIInterfaceOrientationPortrait UIInterfaceOrientationLandscapeLeft UIInterfaceOrientationLandscapeRight";
				LD_RUNPATH_SEARCH_PATHS = (
					"$(inherited)",
					"@executable_path/Frameworks",
				);
				MARKETING_VERSION = 1.0;
				PRODUCT_BUNDLE_IDENTIFIER = me.zepetto.LottoGenerator;
				PRODUCT_NAME = "$(TARGET_NAME)";
				SWIFT_EMIT_LOC_STRINGS = YES;
				SWIFT_VERSION = 5.0;
				TARGETED_DEVICE_FAMILY = "1,2";
			};
			name = Debug;
		};
		334941BE270AC15B00CA2211 /* Release */ = {
			isa = XCBuildConfiguration;
			buildSettings = {
				ASSETCATALOG_COMPILER_APPICON_NAME = AppIcon;
				ASSETCATALOG_COMPILER_GLOBAL_ACCENT_COLOR_NAME = AccentColor;
				CODE_SIGN_STYLE = Automatic;
				CURRENT_PROJECT_VERSION = 1;
				DEVELOPMENT_TEAM = Y6LPYDD6RM;
				GENERATE_INFOPLIST_FILE = YES;
				INFOPLIST_FILE = LottoGenerator/Info.plist;
				INFOPLIST_KEY_UIApplicationSupportsIndirectInputEvents = YES;
				INFOPLIST_KEY_UILaunchStoryboardName = LaunchScreen;
				INFOPLIST_KEY_UIMainStoryboardFile = Main;
				INFOPLIST_KEY_UISupportedInterfaceOrientations_iPad = "UIInterfaceOrientationPortrait UIInterfaceOrientationPortraitUpsideDown UIInterfaceOrientationLandscapeLeft UIInterfaceOrientationLandscapeRight";
				INFOPLIST_KEY_UISupportedInterfaceOrientations_iPhone = "UIInterfaceOrientationPortrait UIInterfaceOrientationLandscapeLeft UIInterfaceOrientationLandscapeRight";
				LD_RUNPATH_SEARCH_PATHS = (
					"$(inherited)",
					"@executable_path/Frameworks",
				);
				MARKETING_VERSION = 1.0;
				PRODUCT_BUNDLE_IDENTIFIER = me.zepetto.LottoGenerator;
				PRODUCT_NAME = "$(TARGET_NAME)";
				SWIFT_EMIT_LOC_STRINGS = YES;
				SWIFT_VERSION = 5.0;
				TARGETED_DEVICE_FAMILY = "1,2";
			};
			name = Release;
		};
		334941C0270AC15B00CA2211 /* Debug */ = {
			isa = XCBuildConfiguration;
			buildSettings = {
				ALWAYS_EMBED_SWIFT_STANDARD_LIBRARIES = YES;
				BUNDLE_LOADER = "$(TEST_HOST)";
				CODE_SIGN_STYLE = Automatic;
				CURRENT_PROJECT_VERSION = 1;
				DEVELOPMENT_TEAM = Y6LPYDD6RM;
				GENERATE_INFOPLIST_FILE = YES;
				IPHONEOS_DEPLOYMENT_TARGET = 15.0;
				LD_RUNPATH_SEARCH_PATHS = (
					"$(inherited)",
					"@executable_path/Frameworks",
					"@loader_path/Frameworks",
				);
				MARKETING_VERSION = 1.0;
				PRODUCT_BUNDLE_IDENTIFIER = me.zepetto.LottoGeneratorTests;
				PRODUCT_NAME = "$(TARGET_NAME)";
				SWIFT_EMIT_LOC_STRINGS = NO;
				SWIFT_VERSION = 5.0;
				TARGETED_DEVICE_FAMILY = "1,2";
				TEST_HOST = "$(BUILT_PRODUCTS_DIR)/LottoGenerator.app/LottoGenerator";
			};
			name = Debug;
		};
		334941C1270AC15B00CA2211 /* Release */ = {
			isa = XCBuildConfiguration;
			buildSettings = {
				ALWAYS_EMBED_SWIFT_STANDARD_LIBRARIES = YES;
				BUNDLE_LOADER = "$(TEST_HOST)";
				CODE_SIGN_STYLE = Automatic;
				CURRENT_PROJECT_VERSION = 1;
				DEVELOPMENT_TEAM = Y6LPYDD6RM;
				GENERATE_INFOPLIST_FILE = YES;
				IPHONEOS_DEPLOYMENT_TARGET = 15.0;
				LD_RUNPATH_SEARCH_PATHS = (
					"$(inherited)",
					"@executable_path/Frameworks",
					"@loader_path/Frameworks",
				);
				MARKETING_VERSION = 1.0;
				PRODUCT_BUNDLE_IDENTIFIER = me.zepetto.LottoGeneratorTests;
				PRODUCT_NAME = "$(TARGET_NAME)";
				SWIFT_EMIT_LOC_STRINGS = NO;
				SWIFT_VERSION = 5.0;
				TARGETED_DEVICE_FAMILY = "1,2";
				TEST_HOST = "$(BUILT_PRODUCTS_DIR)/LottoGenerator.app/LottoGenerator";
			};
			name = Release;
		};
		334941C3270AC15B00CA2211 /* Debug */ = {
			isa = XCBuildConfiguration;
			buildSettings = {
				ALWAYS_EMBED_SWIFT_STANDARD_LIBRARIES = YES;
				CODE_SIGN_STYLE = Automatic;
				CURRENT_PROJECT_VERSION = 1;
				DEVELOPMENT_TEAM = Y6LPYDD6RM;
				GENERATE_INFOPLIST_FILE = YES;
				LD_RUNPATH_SEARCH_PATHS = (
					"$(inherited)",
					"@executable_path/Frameworks",
					"@loader_path/Frameworks",
				);
				MARKETING_VERSION = 1.0;
				PRODUCT_BUNDLE_IDENTIFIER = me.zepetto.LottoGeneratorUITests;
				PRODUCT_NAME = "$(TARGET_NAME)";
				SWIFT_EMIT_LOC_STRINGS = NO;
				SWIFT_VERSION = 5.0;
				TARGETED_DEVICE_FAMILY = "1,2";
				TEST_TARGET_NAME = LottoGenerator;
			};
			name = Debug;
		};
		334941C4270AC15B00CA2211 /* Release */ = {
			isa = XCBuildConfiguration;
			buildSettings = {
				ALWAYS_EMBED_SWIFT_STANDARD_LIBRARIES = YES;
				CODE_SIGN_STYLE = Automatic;
				CURRENT_PROJECT_VERSION = 1;
				DEVELOPMENT_TEAM = Y6LPYDD6RM;
				GENERATE_INFOPLIST_FILE = YES;
				LD_RUNPATH_SEARCH_PATHS = (
					"$(inherited)",
					"@executable_path/Frameworks",
					"@loader_path/Frameworks",
				);
				MARKETING_VERSION = 1.0;
				PRODUCT_BUNDLE_IDENTIFIER = me.zepetto.LottoGeneratorUITests;
				PRODUCT_NAME = "$(TARGET_NAME)";
				SWIFT_EMIT_LOC_STRINGS = NO;
				SWIFT_VERSION = 5.0;
				TARGETED_DEVICE_FAMILY = "1,2";
				TEST_TARGET_NAME = LottoGenerator;
			};
			name = Release;
		};
/* End XCBuildConfiguration section */

/* Begin XCConfigurationList section */
		3349418D270AC15800CA2211 /* Build configuration list for PBXProject "LottoGenerator" */ = {
			isa = XCConfigurationList;
			buildConfigurations = (
				334941BA270AC15B00CA2211 /* Debug */,
				334941BB270AC15B00CA2211 /* Release */,
			);
			defaultConfigurationIsVisible = 0;
			defaultConfigurationName = Release;
		};
		334941BC270AC15B00CA2211 /* Build configuration list for PBXNativeTarget "LottoGenerator" */ = {
			isa = XCConfigurationList;
			buildConfigurations = (
				334941BD270AC15B00CA2211 /* Debug */,
				334941BE270AC15B00CA2211 /* Release */,
			);
			defaultConfigurationIsVisible = 0;
			defaultConfigurationName = Release;
		};
		334941BF270AC15B00CA2211 /* Build configuration list for PBXNativeTarget "LottoGeneratorTests" */ = {
			isa = XCConfigurationList;
			buildConfigurations = (
				334941C0270AC15B00CA2211 /* Debug */,
				334941C1270AC15B00CA2211 /* Release */,
			);
			defaultConfigurationIsVisible = 0;
			defaultConfigurationName = Release;
		};
		334941C2270AC15B00CA2211 /* Build configuration list for PBXNativeTarget "LottoGeneratorUITests" */ = {
			isa = XCConfigurationList;
			buildConfigurations = (
				334941C3270AC15B00CA2211 /* Debug */,
				334941C4270AC15B00CA2211 /* Release */,
			);
			defaultConfigurationIsVisible = 0;
			defaultConfigurationName = Release;
		};
/* End XCConfigurationList section */
	};
	rootObject = 3349418A270AC15800CA2211 /* Project object */;
}
